// !$*UTF8*$!
{
	archiveVersion = 1;
	classes = {
	};
	objectVersion = 50;
	objects = {

/* Begin PBXBuildFile section */
		F5973BF6230F0CC3007E8472 /* AppDelegate.swift in Sources */ = {isa = PBXBuildFile; fileRef = F5973BF5230F0CC3007E8472 /* AppDelegate.swift */; };
		F5973BF8230F0CC3007E8472 /* MainViewController.swift in Sources */ = {isa = PBXBuildFile; fileRef = F5973BF7230F0CC3007E8472 /* MainViewController.swift */; };
		F5973BFD230F0CC4007E8472 /* Assets.xcassets in Resources */ = {isa = PBXBuildFile; fileRef = F5973BFC230F0CC4007E8472 /* Assets.xcassets */; };
		F5973C00230F0CC4007E8472 /* LaunchScreen.storyboard in Resources */ = {isa = PBXBuildFile; fileRef = F5973BFE230F0CC4007E8472 /* LaunchScreen.storyboard */; };
		F5973C0C230F0D8B007E8472 /* Main.storyboard in Resources */ = {isa = PBXBuildFile; fileRef = F5973C0B230F0D8B007E8472 /* Main.storyboard */; };
/* End PBXBuildFile section */

/* Begin PBXFileReference section */
		F5973BF2230F0CC3007E8472 /* Stamps.app */ = {isa = PBXFileReference; explicitFileType = wrapper.application; includeInIndex = 0; path = Stamps.app; sourceTree = BUILT_PRODUCTS_DIR; };
		F5973BF5230F0CC3007E8472 /* AppDelegate.swift */ = {isa = PBXFileReference; lastKnownFileType = sourcecode.swift; path = AppDelegate.swift; sourceTree = "<group>"; };
		F5973BF7230F0CC3007E8472 /* MainViewController.swift */ = {isa = PBXFileReference; lastKnownFileType = sourcecode.swift; path = MainViewController.swift; sourceTree = "<group>"; };
		F5973BFC230F0CC4007E8472 /* Assets.xcassets */ = {isa = PBXFileReference; lastKnownFileType = folder.assetcatalog; path = Assets.xcassets; sourceTree = "<group>"; };
		F5973BFF230F0CC4007E8472 /* Base */ = {isa = PBXFileReference; lastKnownFileType = file.storyboard; name = Base; path = Base.lproj/LaunchScreen.storyboard; sourceTree = "<group>"; };
		F5973C01230F0CC4007E8472 /* Info.plist */ = {isa = PBXFileReference; lastKnownFileType = text.plist.xml; path = Info.plist; sourceTree = "<group>"; };
		F5973C0B230F0D8B007E8472 /* Main.storyboard */ = {isa = PBXFileReference; fileEncoding = 4; lastKnownFileType = file.storyboard; path = Main.storyboard; sourceTree = "<group>"; };
/* End PBXFileReference section */

/* Begin PBXFrameworksBuildPhase section */
		F5973BEF230F0CC3007E8472 /* Frameworks */ = {
			isa = PBXFrameworksBuildPhase;
			buildActionMask = 2147483647;
			files = (
			);
			runOnlyForDeploymentPostprocessing = 0;
		};
/* End PBXFrameworksBuildPhase section */

/* Begin PBXGroup section */
		F5973BE9230F0CC3007E8472 = {
			isa = PBXGroup;
			children = (
				F5973BF4230F0CC3007E8472 /* Stamps */,
				F5973BF3230F0CC3007E8472 /* Products */,
			);
			sourceTree = "<group>";
		};
		F5973BF3230F0CC3007E8472 /* Products */ = {
			isa = PBXGroup;
			children = (
				F5973BF2230F0CC3007E8472 /* Stamps.app */,
			);
			name = Products;
			sourceTree = "<group>";
		};
		F5973BF4230F0CC3007E8472 /* Stamps */ = {
			isa = PBXGroup;
			children = (
				F5973C07230F0CE8007E8472 /* Source */,
				F5973C0A230F0D11007E8472 /* Resources */,
			);
			path = Stamps;
			sourceTree = "<group>";
		};
		F5973C07230F0CE8007E8472 /* Source */ = {
			isa = PBXGroup;
			children = (
				F5973C08230F0CF1007E8472 /* Launch */,
				F5973C09230F0CF9007E8472 /* Main */,
			);
			path = Source;
			sourceTree = "<group>";
		};
		F5973C08230F0CF1007E8472 /* Launch */ = {
			isa = PBXGroup;
			children = (
				F5973BFE230F0CC4007E8472 /* LaunchScreen.storyboard */,
				F5973BF5230F0CC3007E8472 /* AppDelegate.swift */,
			);
			path = Launch;
			sourceTree = "<group>";
		};
		F5973C09230F0CF9007E8472 /* Main */ = {
			isa = PBXGroup;
			children = (
				F5973C0B230F0D8B007E8472 /* Main.storyboard */,
				F5973BF7230F0CC3007E8472 /* MainViewController.swift */,
			);
			path = Main;
			sourceTree = "<group>";
		};
		F5973C0A230F0D11007E8472 /* Resources */ = {
			isa = PBXGroup;
			children = (
				F5973BFC230F0CC4007E8472 /* Assets.xcassets */,
				F5973C01230F0CC4007E8472 /* Info.plist */,
			);
			path = Resources;
			sourceTree = "<group>";
		};
/* End PBXGroup section */

/* Begin PBXNativeTarget section */
		F5973BF1230F0CC3007E8472 /* Stamps */ = {
			isa = PBXNativeTarget;
			buildConfigurationList = F5973C04230F0CC4007E8472 /* Build configuration list for PBXNativeTarget "Stamps" */;
			buildPhases = (
				F5973BEE230F0CC3007E8472 /* Sources */,
				F5973BEF230F0CC3007E8472 /* Frameworks */,
				F5973BF0230F0CC3007E8472 /* Resources */,
			);
			buildRules = (
			);
			dependencies = (
			);
			name = Stamps;
			productName = Stamps;
			productReference = F5973BF2230F0CC3007E8472 /* Stamps.app */;
			productType = "com.apple.product-type.application";
		};
/* End PBXNativeTarget section */

/* Begin PBXProject section */
		F5973BEA230F0CC3007E8472 /* Project object */ = {
			isa = PBXProject;
			attributes = {
				LastSwiftUpdateCheck = 1020;
				LastUpgradeCheck = 1020;
				ORGANIZATIONNAME = "Porsche Digital Incorporated Silicon Valley";
				TargetAttributes = {
					F5973BF1230F0CC3007E8472 = {
						CreatedOnToolsVersion = 10.2.1;
					};
				};
			};
			buildConfigurationList = F5973BED230F0CC3007E8472 /* Build configuration list for PBXProject "Stamps" */;
			compatibilityVersion = "Xcode 9.3";
			developmentRegion = en;
			hasScannedForEncodings = 0;
			knownRegions = (
				en,
				Base,
			);
			mainGroup = F5973BE9230F0CC3007E8472;
			productRefGroup = F5973BF3230F0CC3007E8472 /* Products */;
			projectDirPath = "";
			projectRoot = "";
			targets = (
				F5973BF1230F0CC3007E8472 /* Stamps */,
			);
		};
/* End PBXProject section */

/* Begin PBXResourcesBuildPhase section */
		F5973BF0230F0CC3007E8472 /* Resources */ = {
			isa = PBXResourcesBuildPhase;
			buildActionMask = 2147483647;
			files = (
				F5973C0C230F0D8B007E8472 /* Main.storyboard in Resources */,
				F5973C00230F0CC4007E8472 /* LaunchScreen.storyboard in Resources */,
				F5973BFD230F0CC4007E8472 /* Assets.xcassets in Resources */,
			);
			runOnlyForDeploymentPostprocessing = 0;
		};
/* End PBXResourcesBuildPhase section */

/* Begin PBXSourcesBuildPhase section */
		F5973BEE230F0CC3007E8472 /* Sources */ = {
			isa = PBXSourcesBuildPhase;
			buildActionMask = 2147483647;
			files = (
				F5973BF8230F0CC3007E8472 /* MainViewController.swift in Sources */,
				F5973BF6230F0CC3007E8472 /* AppDelegate.swift in Sources */,
			);
			runOnlyForDeploymentPostprocessing = 0;
		};
/* End PBXSourcesBuildPhase section */

/* Begin PBXVariantGroup section */
		F5973BFE230F0CC4007E8472 /* LaunchScreen.storyboard */ = {
			isa = PBXVariantGroup;
			children = (
				F5973BFF230F0CC4007E8472 /* Base */,
			);
			name = LaunchScreen.storyboard;
			sourceTree = "<group>";
		};
/* End PBXVariantGroup section */

/* Begin XCBuildConfiguration section */
		F5973C02230F0CC4007E8472 /* Debug */ = {
			isa = XCBuildConfiguration;
			buildSettings = {
				ALWAYS_SEARCH_USER_PATHS = NO;
				CLANG_ANALYZER_NONNULL = YES;
				CLANG_ANALYZER_NUMBER_OBJECT_CONVERSION = YES_AGGRESSIVE;
				CLANG_CXX_LANGUAGE_STANDARD = "gnu++14";
				CLANG_CXX_LIBRARY = "libc++";
				CLANG_ENABLE_MODULES = YES;
				CLANG_ENABLE_OBJC_ARC = YES;
				CLANG_ENABLE_OBJC_WEAK = YES;
				CLANG_WARN_BLOCK_CAPTURE_AUTORELEASING = YES;
				CLANG_WARN_BOOL_CONVERSION = YES;
				CLANG_WARN_COMMA = YES;
				CLANG_WARN_CONSTANT_CONVERSION = YES;
				CLANG_WARN_DEPRECATED_OBJC_IMPLEMENTATIONS = YES;
				CLANG_WARN_DIRECT_OBJC_ISA_USAGE = YES_ERROR;
				CLANG_WARN_DOCUMENTATION_COMMENTS = YES;
				CLANG_WARN_EMPTY_BODY = YES;
				CLANG_WARN_ENUM_CONVERSION = YES;
				CLANG_WARN_INFINITE_RECURSION = YES;
				CLANG_WARN_INT_CONVERSION = YES;
				CLANG_WARN_NON_LITERAL_NULL_CONVERSION = YES;
				CLANG_WARN_OBJC_IMPLICIT_RETAIN_SELF = YES;
				CLANG_WARN_OBJC_LITERAL_CONVERSION = YES;
				CLANG_WARN_OBJC_ROOT_CLASS = YES_ERROR;
				CLANG_WARN_RANGE_LOOP_ANALYSIS = YES;
				CLANG_WARN_STRICT_PROTOTYPES = YES;
				CLANG_WARN_SUSPICIOUS_MOVE = YES;
				CLANG_WARN_UNGUARDED_AVAILABILITY = YES_AGGRESSIVE;
				CLANG_WARN_UNREACHABLE_CODE = YES;
				CLANG_WARN__DUPLICATE_METHOD_MATCH = YES;
				CODE_SIGN_IDENTITY = "iPhone Developer";
				COPY_PHASE_STRIP = NO;
				DEBUG_INFORMATION_FORMAT = dwarf;
				ENABLE_STRICT_OBJC_MSGSEND = YES;
				ENABLE_TESTABILITY = YES;
				GCC_C_LANGUAGE_STANDARD = gnu11;
				GCC_DYNAMIC_NO_PIC = NO;
				GCC_NO_COMMON_BLOCKS = YES;
				GCC_OPTIMIZATION_LEVEL = 0;
				GCC_PREPROCESSOR_DEFINITIONS = (
					"DEBUG=1",
					"$(inherited)",
				);
				GCC_WARN_64_TO_32_BIT_CONVERSION = YES;
				GCC_WARN_ABOUT_RETURN_TYPE = YES_ERROR;
				GCC_WARN_UNDECLARED_SELECTOR = YES;
				GCC_WARN_UNINITIALIZED_AUTOS = YES_AGGRESSIVE;
				GCC_WARN_UNUSED_FUNCTION = YES;
				GCC_WARN_UNUSED_VARIABLE = YES;
				IPHONEOS_DEPLOYMENT_TARGET = 12.2;
				MTL_ENABLE_DEBUG_INFO = INCLUDE_SOURCE;
				MTL_FAST_MATH = YES;
				ONLY_ACTIVE_ARCH = YES;
				SDKROOT = iphoneos;
				SWIFT_ACTIVE_COMPILATION_CONDITIONS = DEBUG;
				SWIFT_OPTIMIZATION_LEVEL = "-Onone";
			};
			name = Debug;
		};
		F5973C03230F0CC4007E8472 /* Release */ = {
			isa = XCBuildConfiguration;
			buildSettings = {
				ALWAYS_SEARCH_USER_PATHS = NO;
				CLANG_ANALYZER_NONNULL = YES;
				CLANG_ANALYZER_NUMBER_OBJECT_CONVERSION = YES_AGGRESSIVE;
				CLANG_CXX_LANGUAGE_STANDARD = "gnu++14";
				CLANG_CXX_LIBRARY = "libc++";
				CLANG_ENABLE_MODULES = YES;
				CLANG_ENABLE_OBJC_ARC = YES;
				CLANG_ENABLE_OBJC_WEAK = YES;
				CLANG_WARN_BLOCK_CAPTURE_AUTORELEASING = YES;
				CLANG_WARN_BOOL_CONVERSION = YES;
				CLANG_WARN_COMMA = YES;
				CLANG_WARN_CONSTANT_CONVERSION = YES;
				CLANG_WARN_DEPRECATED_OBJC_IMPLEMENTATIONS = YES;
				CLANG_WARN_DIRECT_OBJC_ISA_USAGE = YES_ERROR;
				CLANG_WARN_DOCUMENTATION_COMMENTS = YES;
				CLANG_WARN_EMPTY_BODY = YES;
				CLANG_WARN_ENUM_CONVERSION = YES;
				CLANG_WARN_INFINITE_RECURSION = YES;
				CLANG_WARN_INT_CONVERSION = YES;
				CLANG_WARN_NON_LITERAL_NULL_CONVERSION = YES;
				CLANG_WARN_OBJC_IMPLICIT_RETAIN_SELF = YES;
				CLANG_WARN_OBJC_LITERAL_CONVERSION = YES;
				CLANG_WARN_OBJC_ROOT_CLASS = YES_ERROR;
				CLANG_WARN_RANGE_LOOP_ANALYSIS = YES;
				CLANG_WARN_STRICT_PROTOTYPES = YES;
				CLANG_WARN_SUSPICIOUS_MOVE = YES;
				CLANG_WARN_UNGUARDED_AVAILABILITY = YES_AGGRESSIVE;
				CLANG_WARN_UNREACHABLE_CODE = YES;
				CLANG_WARN__DUPLICATE_METHOD_MATCH = YES;
				CODE_SIGN_IDENTITY = "iPhone Developer";
				COPY_PHASE_STRIP = NO;
				DEBUG_INFORMATION_FORMAT = "dwarf-with-dsym";
				ENABLE_NS_ASSERTIONS = NO;
				ENABLE_STRICT_OBJC_MSGSEND = YES;
				GCC_C_LANGUAGE_STANDARD = gnu11;
				GCC_NO_COMMON_BLOCKS = YES;
				GCC_WARN_64_TO_32_BIT_CONVERSION = YES;
				GCC_WARN_ABOUT_RETURN_TYPE = YES_ERROR;
				GCC_WARN_UNDECLARED_SELECTOR = YES;
				GCC_WARN_UNINITIALIZED_AUTOS = YES_AGGRESSIVE;
				GCC_WARN_UNUSED_FUNCTION = YES;
				GCC_WARN_UNUSED_VARIABLE = YES;
				IPHONEOS_DEPLOYMENT_TARGET = 12.2;
				MTL_ENABLE_DEBUG_INFO = NO;
				MTL_FAST_MATH = YES;
				SDKROOT = iphoneos;
				SWIFT_COMPILATION_MODE = wholemodule;
				SWIFT_OPTIMIZATION_LEVEL = "-O";
				VALIDATE_PRODUCT = YES;
			};
			name = Release;
		};
		F5973C05230F0CC4007E8472 /* Debug */ = {
			isa = XCBuildConfiguration;
			buildSettings = {
				ASSETCATALOG_COMPILER_APPICON_NAME = AppIcon;
				CODE_SIGN_STYLE = Automatic;
				DEVELOPMENT_TEAM = 6HHTX9JVR4;
				INFOPLIST_FILE = "$(SRCROOT)/Stamps/Resources/Info.plist";
				LD_RUNPATH_SEARCH_PATHS = (
					"$(inherited)",
					"@executable_path/Frameworks",
				);
				PRODUCT_BUNDLE_IDENTIFIER = sv.inc.pd.Stamps;
				PRODUCT_NAME = "$(TARGET_NAME)";
				SWIFT_VERSION = 5.0;
				TARGETED_DEVICE_FAMILY = "1,2";
			};
			name = Debug;
		};
		F5973C06230F0CC4007E8472 /* Release */ = {
			isa = XCBuildConfiguration;
			buildSettings = {
				ASSETCATALOG_COMPILER_APPICON_NAME = AppIcon;
				CODE_SIGN_STYLE = Automatic;
				DEVELOPMENT_TEAM = 6HHTX9JVR4;
				INFOPLIST_FILE = "$(SRCROOT)/Stamps/Resources/Info.plist";
				LD_RUNPATH_SEARCH_PATHS = (
					"$(inherited)",
					"@executable_path/Frameworks",
				);
				PRODUCT_BUNDLE_IDENTIFIER = sv.inc.pd.Stamps;
				PRODUCT_NAME = "$(TARGET_NAME)";
				SWIFT_VERSION = 5.0;
				TARGETED_DEVICE_FAMILY = "1,2";
			};
			name = Release;
		};
/* End XCBuildConfiguration section */

/* Begin XCConfigurationList section */
		F5973BED230F0CC3007E8472 /* Build configuration list for PBXProject "Stamps" */ = {
			isa = XCConfigurationList;
			buildConfigurations = (
				F5973C02230F0CC4007E8472 /* Debug */,
				F5973C03230F0CC4007E8472 /* Release */,
			);
			defaultConfigurationIsVisible = 0;
			defaultConfigurationName = Release;
		};
		F5973C04230F0CC4007E8472 /* Build configuration list for PBXNativeTarget "Stamps" */ = {
			isa = XCConfigurationList;
			buildConfigurations = (
				F5973C05230F0CC4007E8472 /* Debug */,
				F5973C06230F0CC4007E8472 /* Release */,
			);
			defaultConfigurationIsVisible = 0;
			defaultConfigurationName = Release;
		};
/* End XCConfigurationList section */
	};
	rootObject = F5973BEA230F0CC3007E8472 /* Project object */;
}
